
Microsoft Visual Studio Solution File, Format Version 12.00
# Visual Studio Version 16
VisualStudioVersion = 16.0.30225.117
MinimumVisualStudioVersion = 10.0.40219.1
Project("{FAE04EC0-301F-11D3-BF4B-00C04F79EFBC}") = "MVC_CRUD_Project", "MVC_CRUD_Project.csproj", "{D610B9D5-43AC-40DA-8301-C2541FB03819}"
EndProject
Project("{FAE04EC0-301F-11D3-BF4B-00C04F79EFBC}") = "MVC_CRUD_Project.Tests", "..\MVC_CRUD_Project.Tests\MVC_CRUD_Project.Tests.csproj", "{BC5DA09F-9A20-430F-8C1C-E50695210811}"
EndProject
Project("{FAE04EC0-301F-11D3-BF4B-00C04F79EFBC}") = "DataLibrary", "..\DataLibrary\DataLibrary.csproj", "{CAFB6A1E-ABCA-4FF6-85B6-FE3825C01BC9}"
EndProject
Project("{00D1A9C2-B5F0-4AF3-8072-F6C62B433612}") = "MVC_CRUD_DB", "..\MVC_CRUD_DB\MVC_CRUD_DB.sqlproj", "{1C278786-7128-4174-B25F-1A45A643D848}"
EndProject
Global
	GlobalSection(SolutionConfigurationPlatforms) = preSolution
		Debug|Any CPU = Debug|Any CPU
		Release|Any CPU = Release|Any CPU
	EndGlobalSection
	GlobalSection(ProjectConfigurationPlatforms) = postSolution
		{D610B9D5-43AC-40DA-8301-C2541FB03819}.Debug|Any CPU.ActiveCfg = Debug|Any CPU
		{D610B9D5-43AC-40DA-8301-C2541FB03819}.Debug|Any CPU.Build.0 = Debug|Any CPU
		{D610B9D5-43AC-40DA-8301-C2541FB03819}.Release|Any CPU.ActiveCfg = Release|Any CPU
		{D610B9D5-43AC-40DA-8301-C2541FB03819}.Release|Any CPU.Build.0 = Release|Any CPU
		{BC5DA09F-9A20-430F-8C1C-E50695210811}.Debug|Any CPU.ActiveCfg = Debug|Any CPU
		{BC5DA09F-9A20-430F-8C1C-E50695210811}.Debug|Any CPU.Build.0 = Debug|Any CPU
		{BC5DA09F-9A20-430F-8C1C-E50695210811}.Release|Any CPU.ActiveCfg = Release|Any CPU
		{BC5DA09F-9A20-430F-8C1C-E50695210811}.Release|Any CPU.Build.0 = Release|Any CPU
		{CAFB6A1E-ABCA-4FF6-85B6-FE3825C01BC9}.Debug|Any CPU.ActiveCfg = Debug|Any CPU
		{CAFB6A1E-ABCA-4FF6-85B6-FE3825C01BC9}.Debug|Any CPU.Build.0 = Debug|Any CPU
		{CAFB6A1E-ABCA-4FF6-85B6-FE3825C01BC9}.Release|Any CPU.ActiveCfg = Release|Any CPU
		{CAFB6A1E-ABCA-4FF6-85B6-FE3825C01BC9}.Release|Any CPU.Build.0 = Release|Any CPU
		{1C278786-7128-4174-B25F-1A45A643D848}.Debug|Any CPU.ActiveCfg = Debug|Any CPU
		{1C278786-7128-4174-B25F-1A45A643D848}.Debug|Any CPU.Build.0 = Debug|Any CPU
		{1C278786-7128-4174-B25F-1A45A643D848}.Debug|Any CPU.Deploy.0 = Debug|Any CPU
		{1C278786-7128-4174-B25F-1A45A643D848}.Release|Any CPU.ActiveCfg = Release|Any CPU
		{1C278786-7128-4174-B25F-1A45A643D848}.Release|Any CPU.Build.0 = Release|Any CPU
		{1C278786-7128-4174-B25F-1A45A643D848}.Release|Any CPU.Deploy.0 = Release|Any CPU
	EndGlobalSection
	GlobalSection(SolutionProperties) = preSolution
		HideSolutionNode = FALSE
	EndGlobalSection
	GlobalSection(ExtensibilityGlobals) = postSolution
		SolutionGuid = {B5F213A7-6C18-4215-8AD7-1C7F857B2D24}
	EndGlobalSection
EndGlobal
